
Microsoft Visual Studio Solution File, Format Version 12.00
# Visual Studio 15
VisualStudioVersion = 15.0.28010.2048
MinimumVisualStudioVersion = 10.0.40219.1
Project("{FAE04EC0-301F-11D3-BF4B-00C04F79EFBC}") = "Module12.1", "Module12.1\Module12.1.csproj", "{A0D4D52D-CA76-4BE6-8275-05C40BF6F002}"
EndProject
Global
	GlobalSection(SolutionConfigurationPlatforms) = preSolution
		Debug|Any CPU = Debug|Any CPU
		Release|Any CPU = Release|Any CPU
	EndGlobalSection
	GlobalSection(ProjectConfigurationPlatforms) = postSolution
		{A0D4D52D-CA76-4BE6-8275-05C40BF6F002}.Debug|Any CPU.ActiveCfg = Debug|Any CPU
		{A0D4D52D-CA76-4BE6-8275-05C40BF6F002}.Debug|Any CPU.Build.0 = Debug|Any CPU
		{A0D4D52D-CA76-4BE6-8275-05C40BF6F002}.Release|Any CPU.ActiveCfg = Release|Any CPU
		{A0D4D52D-CA76-4BE6-8275-05C40BF6F002}.Release|Any CPU.Build.0 = Release|Any CPU
	EndGlobalSection
	GlobalSection(SolutionProperties) = preSolution
		HideSolutionNode = FALSE
	EndGlobalSection
	GlobalSection(ExtensibilityGlobals) = postSolution
		SolutionGuid = {BCC5FC5D-5A15-4135-88E3-8279F6B2892F}
	EndGlobalSection
EndGlobal
