
Microsoft Visual Studio Solution File, Format Version 12.00
# Visual Studio 15
VisualStudioVersion = 15.0.28010.2048
MinimumVisualStudioVersion = 10.0.40219.1
Project("{FAE04EC0-301F-11D3-BF4B-00C04F79EFBC}") = "Checkpoint02_Lvl2", "Checkpoint02_Lvl2\Checkpoint02_Lvl2.csproj", "{FEFE2CD7-61F4-409B-9A63-5E2069F2E2AB}"
EndProject
Global
	GlobalSection(SolutionConfigurationPlatforms) = preSolution
		Debug|Any CPU = Debug|Any CPU
		Release|Any CPU = Release|Any CPU
	EndGlobalSection
	GlobalSection(ProjectConfigurationPlatforms) = postSolution
		{FEFE2CD7-61F4-409B-9A63-5E2069F2E2AB}.Debug|Any CPU.ActiveCfg = Debug|Any CPU
		{FEFE2CD7-61F4-409B-9A63-5E2069F2E2AB}.Debug|Any CPU.Build.0 = Debug|Any CPU
		{FEFE2CD7-61F4-409B-9A63-5E2069F2E2AB}.Release|Any CPU.ActiveCfg = Release|Any CPU
		{FEFE2CD7-61F4-409B-9A63-5E2069F2E2AB}.Release|Any CPU.Build.0 = Release|Any CPU
	EndGlobalSection
	GlobalSection(SolutionProperties) = preSolution
		HideSolutionNode = FALSE
	EndGlobalSection
	GlobalSection(ExtensibilityGlobals) = postSolution
		SolutionGuid = {C6717644-78D1-47DB-B599-2BF9B590F01E}
	EndGlobalSection
EndGlobal
