
Microsoft Visual Studio Solution File, Format Version 12.00
# Visual Studio 15
VisualStudioVersion = 15.0.28010.2048
MinimumVisualStudioVersion = 10.0.40219.1
Project("{FAE04EC0-301F-11D3-BF4B-00C04F79EFBC}") = "Repetition_Checkpoint02", "Repetition_Checkpoint02\Repetition_Checkpoint02.csproj", "{45420B6F-DB96-4D59-9873-7A394EF5C2F1}"
EndProject
Global
	GlobalSection(SolutionConfigurationPlatforms) = preSolution
		Debug|Any CPU = Debug|Any CPU
		Release|Any CPU = Release|Any CPU
	EndGlobalSection
	GlobalSection(ProjectConfigurationPlatforms) = postSolution
		{45420B6F-DB96-4D59-9873-7A394EF5C2F1}.Debug|Any CPU.ActiveCfg = Debug|Any CPU
		{45420B6F-DB96-4D59-9873-7A394EF5C2F1}.Debug|Any CPU.Build.0 = Debug|Any CPU
		{45420B6F-DB96-4D59-9873-7A394EF5C2F1}.Release|Any CPU.ActiveCfg = Release|Any CPU
		{45420B6F-DB96-4D59-9873-7A394EF5C2F1}.Release|Any CPU.Build.0 = Release|Any CPU
	EndGlobalSection
	GlobalSection(SolutionProperties) = preSolution
		HideSolutionNode = FALSE
	EndGlobalSection
	GlobalSection(ExtensibilityGlobals) = postSolution
		SolutionGuid = {C341B4FA-79FF-47C1-89E4-19BA994ACC66}
	EndGlobalSection
EndGlobal
